
Microsoft Visual Studio Solution File, Format Version 12.00
# Visual Studio Version 17
VisualStudioVersion = 17.0.31912.275
MinimumVisualStudioVersion = 10.0.40219.1
Project("{FAE04EC0-301F-11D3-BF4B-00C04F79EFBC}") = "StandUPLogin", "StandUPLogin\StandUPLogin.csproj", "{E11BB599-1C7B-46F7-8DAB-D73CB1C02B00}"
EndProject
Global
	GlobalSection(SolutionConfigurationPlatforms) = preSolution
		Debug|Any CPU = Debug|Any CPU
		Release|Any CPU = Release|Any CPU
	EndGlobalSection
	GlobalSection(ProjectConfigurationPlatforms) = postSolution
		{E11BB599-1C7B-46F7-8DAB-D73CB1C02B00}.Debug|Any CPU.ActiveCfg = Debug|Any CPU
		{E11BB599-1C7B-46F7-8DAB-D73CB1C02B00}.Debug|Any CPU.Build.0 = Debug|Any CPU
		{E11BB599-1C7B-46F7-8DAB-D73CB1C02B00}.Release|Any CPU.ActiveCfg = Release|Any CPU
		{E11BB599-1C7B-46F7-8DAB-D73CB1C02B00}.Release|Any CPU.Build.0 = Release|Any CPU
	EndGlobalSection
	GlobalSection(SolutionProperties) = preSolution
		HideSolutionNode = FALSE
	EndGlobalSection
	GlobalSection(ExtensibilityGlobals) = postSolution
		SolutionGuid = {9258BCC4-7A8C-411D-804F-E318FB03C334}
	EndGlobalSection
EndGlobal
